
Microsoft Visual Studio Solution File, Format Version 12.00
# Visual Studio Version 16
VisualStudioVersion = 16.0.29806.167
MinimumVisualStudioVersion = 10.0.40219.1
Project("{9A19103F-16F7-4668-BE54-9A1E7A4F7556}") = "PyxisBackend.Contracts", "PyxisBackend.Contracts\PyxisBackend.Contracts.csproj", "{5066538E-4B59-433D-A7D4-956252F9AF59}"
EndProject
Project("{9A19103F-16F7-4668-BE54-9A1E7A4F7556}") = "PyxisBackend.LoggerService", "PyxisBackend.LoggerService\PyxisBackend.LoggerService.csproj", "{593B1969-91DA-4A6D-8311-A11039EC9E8D}"
EndProject
Project("{9A19103F-16F7-4668-BE54-9A1E7A4F7556}") = "PyxisBackend.Core", "PyxisBackend.Core\PyxisBackend.Core.csproj", "{D0DB93B4-67C6-4F5E-BA72-A22B50F90D4D}"
EndProject
Project("{9A19103F-16F7-4668-BE54-9A1E7A4F7556}") = "PyxisBackend.Entities", "PyxisBackend.Entities\PyxisBackend.Entities.csproj", "{E066D8E9-BF3E-45AB-B138-253322738629}"
EndProject
Project("{FAE04EC0-301F-11D3-BF4B-00C04F79EFBC}") = "PyxisBackend.Repository", "PyxisBackend.Repository\PyxisBackend.Repository.csproj", "{2CE9D4A1-0B2C-43BC-A2F3-D86AA34C7CC0}"
EndProject
Global
	GlobalSection(SolutionConfigurationPlatforms) = preSolution
		Debug|Any CPU = Debug|Any CPU
		Release|Any CPU = Release|Any CPU
	EndGlobalSection
	GlobalSection(ProjectConfigurationPlatforms) = postSolution
		{5066538E-4B59-433D-A7D4-956252F9AF59}.Debug|Any CPU.ActiveCfg = Debug|Any CPU
		{5066538E-4B59-433D-A7D4-956252F9AF59}.Debug|Any CPU.Build.0 = Debug|Any CPU
		{5066538E-4B59-433D-A7D4-956252F9AF59}.Release|Any CPU.ActiveCfg = Release|Any CPU
		{5066538E-4B59-433D-A7D4-956252F9AF59}.Release|Any CPU.Build.0 = Release|Any CPU
		{593B1969-91DA-4A6D-8311-A11039EC9E8D}.Debug|Any CPU.ActiveCfg = Debug|Any CPU
		{593B1969-91DA-4A6D-8311-A11039EC9E8D}.Debug|Any CPU.Build.0 = Debug|Any CPU
		{593B1969-91DA-4A6D-8311-A11039EC9E8D}.Release|Any CPU.ActiveCfg = Release|Any CPU
		{593B1969-91DA-4A6D-8311-A11039EC9E8D}.Release|Any CPU.Build.0 = Release|Any CPU
		{D0DB93B4-67C6-4F5E-BA72-A22B50F90D4D}.Debug|Any CPU.ActiveCfg = Debug|Any CPU
		{D0DB93B4-67C6-4F5E-BA72-A22B50F90D4D}.Debug|Any CPU.Build.0 = Debug|Any CPU
		{D0DB93B4-67C6-4F5E-BA72-A22B50F90D4D}.Release|Any CPU.ActiveCfg = Release|Any CPU
		{D0DB93B4-67C6-4F5E-BA72-A22B50F90D4D}.Release|Any CPU.Build.0 = Release|Any CPU
		{E066D8E9-BF3E-45AB-B138-253322738629}.Debug|Any CPU.ActiveCfg = Debug|Any CPU
		{E066D8E9-BF3E-45AB-B138-253322738629}.Debug|Any CPU.Build.0 = Debug|Any CPU
		{E066D8E9-BF3E-45AB-B138-253322738629}.Release|Any CPU.ActiveCfg = Release|Any CPU
		{E066D8E9-BF3E-45AB-B138-253322738629}.Release|Any CPU.Build.0 = Release|Any CPU
		{2CE9D4A1-0B2C-43BC-A2F3-D86AA34C7CC0}.Debug|Any CPU.ActiveCfg = Debug|Any CPU
		{2CE9D4A1-0B2C-43BC-A2F3-D86AA34C7CC0}.Debug|Any CPU.Build.0 = Debug|Any CPU
		{2CE9D4A1-0B2C-43BC-A2F3-D86AA34C7CC0}.Release|Any CPU.ActiveCfg = Release|Any CPU
		{2CE9D4A1-0B2C-43BC-A2F3-D86AA34C7CC0}.Release|Any CPU.Build.0 = Release|Any CPU
	EndGlobalSection
	GlobalSection(SolutionProperties) = preSolution
		HideSolutionNode = FALSE
	EndGlobalSection
	GlobalSection(ExtensibilityGlobals) = postSolution
		SolutionGuid = {16B43F69-C2B1-472D-8BC6-913CFCCC6932}
	EndGlobalSection
EndGlobal
